
Microsoft Visual Studio Solution File, Format Version 12.00
# Visual Studio 15
VisualStudioVersion = 15.0.26124.0
MinimumVisualStudioVersion = 15.0.26124.0
Project("{2150E333-8FDC-42A3-9474-1A3956D46DE8}") = "Includes", "Includes", "{2EB65EDB-B9FB-45E1-91E7-23CC3FB747F6}"
EndProject
Project("{2150E333-8FDC-42A3-9474-1A3956D46DE8}") = "SmartGlass", "SmartGlass", "{D1A84FFD-A186-4C05-BD7C-524007403553}"
EndProject
Project("{2150E333-8FDC-42A3-9474-1A3956D46DE8}") = "Solution Items", "Solution Items", "{BBB9D26F-F912-4B47-BFD9-C7665EF8F1BE}"
EndProject
Project("{FAE04EC0-301F-11D3-BF4B-00C04F79EFBC}") = "xRemoteApp", "xRemoteApp\xRemoteApp.csproj", "{5396B1CA-3212-412A-B11E-DC83E84D6569}"
EndProject
Project("{FAE04EC0-301F-11D3-BF4B-00C04F79EFBC}") = "SmartGlass", "Includes\SmartGlass\SmartGlass.csproj", "{102EE1CE-C738-4694-BEDD-BAA9FD7DADD4}"
EndProject
Global
	GlobalSection(SolutionConfigurationPlatforms) = preSolution
		Debug|Any CPU = Debug|Any CPU
		Debug|x64 = Debug|x64
		Debug|x86 = Debug|x86
		Release|Any CPU = Release|Any CPU
		Release|x64 = Release|x64
		Release|x86 = Release|x86
	EndGlobalSection
	GlobalSection(SolutionProperties) = preSolution
		HideSolutionNode = FALSE
	EndGlobalSection
	GlobalSection(ProjectConfigurationPlatforms) = postSolution
		{5396B1CA-3212-412A-B11E-DC83E84D6569}.Debug|Any CPU.ActiveCfg = Debug|Any CPU
		{5396B1CA-3212-412A-B11E-DC83E84D6569}.Debug|Any CPU.Build.0 = Debug|Any CPU
		{5396B1CA-3212-412A-B11E-DC83E84D6569}.Debug|x64.ActiveCfg = Debug|Any CPU
		{5396B1CA-3212-412A-B11E-DC83E84D6569}.Debug|x64.Build.0 = Debug|Any CPU
		{5396B1CA-3212-412A-B11E-DC83E84D6569}.Debug|x86.ActiveCfg = Debug|Any CPU
		{5396B1CA-3212-412A-B11E-DC83E84D6569}.Debug|x86.Build.0 = Debug|Any CPU
		{5396B1CA-3212-412A-B11E-DC83E84D6569}.Release|Any CPU.ActiveCfg = Release|Any CPU
		{5396B1CA-3212-412A-B11E-DC83E84D6569}.Release|Any CPU.Build.0 = Release|Any CPU
		{5396B1CA-3212-412A-B11E-DC83E84D6569}.Release|x64.ActiveCfg = Release|Any CPU
		{5396B1CA-3212-412A-B11E-DC83E84D6569}.Release|x64.Build.0 = Release|Any CPU
		{5396B1CA-3212-412A-B11E-DC83E84D6569}.Release|x86.ActiveCfg = Release|Any CPU
		{5396B1CA-3212-412A-B11E-DC83E84D6569}.Release|x86.Build.0 = Release|Any CPU
		{102EE1CE-C738-4694-BEDD-BAA9FD7DADD4}.Debug|Any CPU.ActiveCfg = Debug|Any CPU
		{102EE1CE-C738-4694-BEDD-BAA9FD7DADD4}.Debug|Any CPU.Build.0 = Debug|Any CPU
		{102EE1CE-C738-4694-BEDD-BAA9FD7DADD4}.Debug|x64.ActiveCfg = Debug|Any CPU
		{102EE1CE-C738-4694-BEDD-BAA9FD7DADD4}.Debug|x64.Build.0 = Debug|Any CPU
		{102EE1CE-C738-4694-BEDD-BAA9FD7DADD4}.Debug|x86.ActiveCfg = Debug|Any CPU
		{102EE1CE-C738-4694-BEDD-BAA9FD7DADD4}.Debug|x86.Build.0 = Debug|Any CPU
		{102EE1CE-C738-4694-BEDD-BAA9FD7DADD4}.Release|Any CPU.ActiveCfg = Release|Any CPU
		{102EE1CE-C738-4694-BEDD-BAA9FD7DADD4}.Release|Any CPU.Build.0 = Release|Any CPU
		{102EE1CE-C738-4694-BEDD-BAA9FD7DADD4}.Release|x64.ActiveCfg = Release|Any CPU
		{102EE1CE-C738-4694-BEDD-BAA9FD7DADD4}.Release|x64.Build.0 = Release|Any CPU
		{102EE1CE-C738-4694-BEDD-BAA9FD7DADD4}.Release|x86.ActiveCfg = Release|Any CPU
		{102EE1CE-C738-4694-BEDD-BAA9FD7DADD4}.Release|x86.Build.0 = Release|Any CPU
	EndGlobalSection
	GlobalSection(NestedProjects) = preSolution
		{D1A84FFD-A186-4C05-BD7C-524007403553} = {2EB65EDB-B9FB-45E1-91E7-23CC3FB747F6}
		{102EE1CE-C738-4694-BEDD-BAA9FD7DADD4} = {D1A84FFD-A186-4C05-BD7C-524007403553}
	EndGlobalSection
EndGlobal
